// !$*UTF8*$!
{
	archiveVersion = 1;
	classes = {
	};
	objectVersion = 50;
	objects = {

/* Begin PBXBuildFile section */
		324B8C62286469C1DB79FB25 /* Pods_instagramTests.framework in Frameworks */ = {isa = PBXBuildFile; fileRef = 1E9CD04249AA1F858368F2ED /* Pods_instagramTests.framework */; };
		56D833452694C6FA00AB9149 /* AppDelegate.m in Sources */ = {isa = PBXBuildFile; fileRef = 56D833442694C6FA00AB9149 /* AppDelegate.m */; };
		56D833482694C6FA00AB9149 /* SceneDelegate.m in Sources */ = {isa = PBXBuildFile; fileRef = 56D833472694C6FA00AB9149 /* SceneDelegate.m */; };
		56D8334B2694C6FA00AB9149 /* ViewController.m in Sources */ = {isa = PBXBuildFile; fileRef = 56D8334A2694C6FA00AB9149 /* ViewController.m */; };
		56D8334E2694C6FA00AB9149 /* Main.storyboard in Resources */ = {isa = PBXBuildFile; fileRef = 56D8334C2694C6FA00AB9149 /* Main.storyboard */; };
		56D833502694C6FB00AB9149 /* Assets.xcassets in Resources */ = {isa = PBXBuildFile; fileRef = 56D8334F2694C6FB00AB9149 /* Assets.xcassets */; };
		56D833532694C6FB00AB9149 /* LaunchScreen.storyboard in Resources */ = {isa = PBXBuildFile; fileRef = 56D833512694C6FB00AB9149 /* LaunchScreen.storyboard */; };
		56D833562694C6FB00AB9149 /* main.m in Sources */ = {isa = PBXBuildFile; fileRef = 56D833552694C6FB00AB9149 /* main.m */; };
		56D833602694C6FB00AB9149 /* instagramTests.m in Sources */ = {isa = PBXBuildFile; fileRef = 56D8335F2694C6FB00AB9149 /* instagramTests.m */; };
		56D8336B2694C6FB00AB9149 /* instagramUITests.m in Sources */ = {isa = PBXBuildFile; fileRef = 56D8336A2694C6FB00AB9149 /* instagramUITests.m */; };
		6FF59727521ED3FB1002DFFB /* Pods_instagram_instagramUITests.framework in Frameworks */ = {isa = PBXBuildFile; fileRef = AAD9A9AE18B2F9385427985C /* Pods_instagram_instagramUITests.framework */; };
		C916807305785315259A9087 /* Pods_instagram.framework in Frameworks */ = {isa = PBXBuildFile; fileRef = E60D55FC053A66F1558611FC /* Pods_instagram.framework */; };
/* End PBXBuildFile section */

/* Begin PBXContainerItemProxy section */
		56D8335C2694C6FB00AB9149 /* PBXContainerItemProxy */ = {
			isa = PBXContainerItemProxy;
			containerPortal = 56D833382694C6FA00AB9149 /* Project object */;
			proxyType = 1;
			remoteGlobalIDString = 56D8333F2694C6FA00AB9149;
			remoteInfo = instagram;
		};
		56D833672694C6FB00AB9149 /* PBXContainerItemProxy */ = {
			isa = PBXContainerItemProxy;
			containerPortal = 56D833382694C6FA00AB9149 /* Project object */;
			proxyType = 1;
			remoteGlobalIDString = 56D8333F2694C6FA00AB9149;
			remoteInfo = instagram;
		};
/* End PBXContainerItemProxy section */

/* Begin PBXFileReference section */
		1E9CD04249AA1F858368F2ED /* Pods_instagramTests.framework */ = {isa = PBXFileReference; explicitFileType = wrapper.framework; includeInIndex = 0; path = Pods_instagramTests.framework; sourceTree = BUILT_PRODUCTS_DIR; };
		564965263EFA5338C0089156 /* Pods-instagram-instagramUITests.release.xcconfig */ = {isa = PBXFileReference; includeInIndex = 1; lastKnownFileType = text.xcconfig; name = "Pods-instagram-instagramUITests.release.xcconfig"; path = "Target Support Files/Pods-instagram-instagramUITests/Pods-instagram-instagramUITests.release.xcconfig"; sourceTree = "<group>"; };
		56D833402694C6FA00AB9149 /* instagram.app */ = {isa = PBXFileReference; explicitFileType = wrapper.application; includeInIndex = 0; path = instagram.app; sourceTree = BUILT_PRODUCTS_DIR; };
		56D833432694C6FA00AB9149 /* AppDelegate.h */ = {isa = PBXFileReference; lastKnownFileType = sourcecode.c.h; path = AppDelegate.h; sourceTree = "<group>"; };
		56D833442694C6FA00AB9149 /* AppDelegate.m */ = {isa = PBXFileReference; lastKnownFileType = sourcecode.c.objc; path = AppDelegate.m; sourceTree = "<group>"; };
		56D833462694C6FA00AB9149 /* SceneDelegate.h */ = {isa = PBXFileReference; lastKnownFileType = sourcecode.c.h; path = SceneDelegate.h; sourceTree = "<group>"; };
		56D833472694C6FA00AB9149 /* SceneDelegate.m */ = {isa = PBXFileReference; lastKnownFileType = sourcecode.c.objc; path = SceneDelegate.m; sourceTree = "<group>"; };
		56D833492694C6FA00AB9149 /* ViewController.h */ = {isa = PBXFileReference; lastKnownFileType = sourcecode.c.h; path = ViewController.h; sourceTree = "<group>"; };
		56D8334A2694C6FA00AB9149 /* ViewController.m */ = {isa = PBXFileReference; lastKnownFileType = sourcecode.c.objc; path = ViewController.m; sourceTree = "<group>"; };
		56D8334D2694C6FA00AB9149 /* Base */ = {isa = PBXFileReference; lastKnownFileType = file.storyboard; name = Base; path = Base.lproj/Main.storyboard; sourceTree = "<group>"; };
		56D8334F2694C6FB00AB9149 /* Assets.xcassets */ = {isa = PBXFileReference; lastKnownFileType = folder.assetcatalog; path = Assets.xcassets; sourceTree = "<group>"; };
		56D833522694C6FB00AB9149 /* Base */ = {isa = PBXFileReference; lastKnownFileType = file.storyboard; name = Base; path = Base.lproj/LaunchScreen.storyboard; sourceTree = "<group>"; };
		56D833542694C6FB00AB9149 /* Info.plist */ = {isa = PBXFileReference; lastKnownFileType = text.plist.xml; path = Info.plist; sourceTree = "<group>"; };
		56D833552694C6FB00AB9149 /* main.m */ = {isa = PBXFileReference; lastKnownFileType = sourcecode.c.objc; path = main.m; sourceTree = "<group>"; };
		56D8335B2694C6FB00AB9149 /* instagramTests.xctest */ = {isa = PBXFileReference; explicitFileType = wrapper.cfbundle; includeInIndex = 0; path = instagramTests.xctest; sourceTree = BUILT_PRODUCTS_DIR; };
		56D8335F2694C6FB00AB9149 /* instagramTests.m */ = {isa = PBXFileReference; lastKnownFileType = sourcecode.c.objc; path = instagramTests.m; sourceTree = "<group>"; };
		56D833612694C6FB00AB9149 /* Info.plist */ = {isa = PBXFileReference; lastKnownFileType = text.plist.xml; path = Info.plist; sourceTree = "<group>"; };
		56D833662694C6FB00AB9149 /* instagramUITests.xctest */ = {isa = PBXFileReference; explicitFileType = wrapper.cfbundle; includeInIndex = 0; path = instagramUITests.xctest; sourceTree = BUILT_PRODUCTS_DIR; };
		56D8336A2694C6FB00AB9149 /* instagramUITests.m */ = {isa = PBXFileReference; lastKnownFileType = sourcecode.c.objc; path = instagramUITests.m; sourceTree = "<group>"; };
		56D8336C2694C6FB00AB9149 /* Info.plist */ = {isa = PBXFileReference; lastKnownFileType = text.plist.xml; path = Info.plist; sourceTree = "<group>"; };
		6391C3F43F9822170EFFEA94 /* Pods-instagram-instagramUITests.debug.xcconfig */ = {isa = PBXFileReference; includeInIndex = 1; lastKnownFileType = text.xcconfig; name = "Pods-instagram-instagramUITests.debug.xcconfig"; path = "Target Support Files/Pods-instagram-instagramUITests/Pods-instagram-instagramUITests.debug.xcconfig"; sourceTree = "<group>"; };
		AAD9A9AE18B2F9385427985C /* Pods_instagram_instagramUITests.framework */ = {isa = PBXFileReference; explicitFileType = wrapper.framework; includeInIndex = 0; path = Pods_instagram_instagramUITests.framework; sourceTree = BUILT_PRODUCTS_DIR; };
		B7389357B4EF0EB11DDCE45B /* Pods-instagram.debug.xcconfig */ = {isa = PBXFileReference; includeInIndex = 1; lastKnownFileType = text.xcconfig; name = "Pods-instagram.debug.xcconfig"; path = "Target Support Files/Pods-instagram/Pods-instagram.debug.xcconfig"; sourceTree = "<group>"; };
		C5FD78C1AB136C1213B2F2AC /* Pods-instagramTests.debug.xcconfig */ = {isa = PBXFileReference; includeInIndex = 1; lastKnownFileType = text.xcconfig; name = "Pods-instagramTests.debug.xcconfig"; path = "Target Support Files/Pods-instagramTests/Pods-instagramTests.debug.xcconfig"; sourceTree = "<group>"; };
		D794AF61E42798298054B63A /* Pods-instagramTests.release.xcconfig */ = {isa = PBXFileReference; includeInIndex = 1; lastKnownFileType = text.xcconfig; name = "Pods-instagramTests.release.xcconfig"; path = "Target Support Files/Pods-instagramTests/Pods-instagramTests.release.xcconfig"; sourceTree = "<group>"; };
		E60D55FC053A66F1558611FC /* Pods_instagram.framework */ = {isa = PBXFileReference; explicitFileType = wrapper.framework; includeInIndex = 0; path = Pods_instagram.framework; sourceTree = BUILT_PRODUCTS_DIR; };
		E826FEB5AC4DF98D08E9967D /* Pods-instagram.release.xcconfig */ = {isa = PBXFileReference; includeInIndex = 1; lastKnownFileType = text.xcconfig; name = "Pods-instagram.release.xcconfig"; path = "Target Support Files/Pods-instagram/Pods-instagram.release.xcconfig"; sourceTree = "<group>"; };
/* End PBXFileReference section */

/* Begin PBXFrameworksBuildPhase section */
		56D8333D2694C6FA00AB9149 /* Frameworks */ = {
			isa = PBXFrameworksBuildPhase;
			buildActionMask = 2147483647;
			files = (
				C916807305785315259A9087 /* Pods_instagram.framework in Frameworks */,
			);
			runOnlyForDeploymentPostprocessing = 0;
		};
		56D833582694C6FB00AB9149 /* Frameworks */ = {
			isa = PBXFrameworksBuildPhase;
			buildActionMask = 2147483647;
			files = (
				324B8C62286469C1DB79FB25 /* Pods_instagramTests.framework in Frameworks */,
			);
			runOnlyForDeploymentPostprocessing = 0;
		};
		56D833632694C6FB00AB9149 /* Frameworks */ = {
			isa = PBXFrameworksBuildPhase;
			buildActionMask = 2147483647;
			files = (
				6FF59727521ED3FB1002DFFB /* Pods_instagram_instagramUITests.framework in Frameworks */,
			);
			runOnlyForDeploymentPostprocessing = 0;
		};
/* End PBXFrameworksBuildPhase section */

/* Begin PBXGroup section */
		56D833372694C6FA00AB9149 = {
			isa = PBXGroup;
			children = (
				56D833422694C6FA00AB9149 /* instagram */,
				56D8335E2694C6FB00AB9149 /* instagramTests */,
				56D833692694C6FB00AB9149 /* instagramUITests */,
				56D833412694C6FA00AB9149 /* Products */,
				8BCE1FEEA15DC7469FB3FAF1 /* Pods */,
				A56E086DFAFDD4608620CC9E /* Frameworks */,
			);
			sourceTree = "<group>";
		};
		56D833412694C6FA00AB9149 /* Products */ = {
			isa = PBXGroup;
			children = (
				56D833402694C6FA00AB9149 /* instagram.app */,
				56D8335B2694C6FB00AB9149 /* instagramTests.xctest */,
				56D833662694C6FB00AB9149 /* instagramUITests.xctest */,
			);
			name = Products;
			sourceTree = "<group>";
		};
		56D833422694C6FA00AB9149 /* instagram */ = {
			isa = PBXGroup;
			children = (
				56D833432694C6FA00AB9149 /* AppDelegate.h */,
				56D833442694C6FA00AB9149 /* AppDelegate.m */,
				56D833462694C6FA00AB9149 /* SceneDelegate.h */,
				56D833472694C6FA00AB9149 /* SceneDelegate.m */,
				56D833492694C6FA00AB9149 /* ViewController.h */,
				56D8334A2694C6FA00AB9149 /* ViewController.m */,
				56D8334C2694C6FA00AB9149 /* Main.storyboard */,
				56D8334F2694C6FB00AB9149 /* Assets.xcassets */,
				56D833512694C6FB00AB9149 /* LaunchScreen.storyboard */,
				56D833542694C6FB00AB9149 /* Info.plist */,
				56D833552694C6FB00AB9149 /* main.m */,
			);
			path = instagram;
			sourceTree = "<group>";
		};
		56D8335E2694C6FB00AB9149 /* instagramTests */ = {
			isa = PBXGroup;
			children = (
				56D8335F2694C6FB00AB9149 /* instagramTests.m */,
				56D833612694C6FB00AB9149 /* Info.plist */,
			);
			path = instagramTests;
			sourceTree = "<group>";
		};
		56D833692694C6FB00AB9149 /* instagramUITests */ = {
			isa = PBXGroup;
			children = (
				56D8336A2694C6FB00AB9149 /* instagramUITests.m */,
				56D8336C2694C6FB00AB9149 /* Info.plist */,
			);
			path = instagramUITests;
			sourceTree = "<group>";
		};
		8BCE1FEEA15DC7469FB3FAF1 /* Pods */ = {
			isa = PBXGroup;
			children = (
				B7389357B4EF0EB11DDCE45B /* Pods-instagram.debug.xcconfig */,
				E826FEB5AC4DF98D08E9967D /* Pods-instagram.release.xcconfig */,
				6391C3F43F9822170EFFEA94 /* Pods-instagram-instagramUITests.debug.xcconfig */,
				564965263EFA5338C0089156 /* Pods-instagram-instagramUITests.release.xcconfig */,
				C5FD78C1AB136C1213B2F2AC /* Pods-instagramTests.debug.xcconfig */,
				D794AF61E42798298054B63A /* Pods-instagramTests.release.xcconfig */,
			);
			name = Pods;
			path = Pods;
			sourceTree = "<group>";
		};
		A56E086DFAFDD4608620CC9E /* Frameworks */ = {
			isa = PBXGroup;
			children = (
				E60D55FC053A66F1558611FC /* Pods_instagram.framework */,
				AAD9A9AE18B2F9385427985C /* Pods_instagram_instagramUITests.framework */,
				1E9CD04249AA1F858368F2ED /* Pods_instagramTests.framework */,
			);
			name = Frameworks;
			sourceTree = "<group>";
		};
/* End PBXGroup section */

/* Begin PBXNativeTarget section */
		56D8333F2694C6FA00AB9149 /* instagram */ = {
			isa = PBXNativeTarget;
			buildConfigurationList = 56D8336F2694C6FB00AB9149 /* Build configuration list for PBXNativeTarget "instagram" */;
			buildPhases = (
				AA7D28B796D958EB233DB148 /* [CP] Check Pods Manifest.lock */,
				56D8333C2694C6FA00AB9149 /* Sources */,
				56D8333D2694C6FA00AB9149 /* Frameworks */,
				56D8333E2694C6FA00AB9149 /* Resources */,
				D15405B3BC7F1BE724720D5B /* [CP] Embed Pods Frameworks */,
			);
			buildRules = (
			);
			dependencies = (
			);
			name = instagram;
			productName = instagram;
			productReference = 56D833402694C6FA00AB9149 /* instagram.app */;
			productType = "com.apple.product-type.application";
		};
		56D8335A2694C6FB00AB9149 /* instagramTests */ = {
			isa = PBXNativeTarget;
			buildConfigurationList = 56D833722694C6FB00AB9149 /* Build configuration list for PBXNativeTarget "instagramTests" */;
			buildPhases = (
				B34F24F1FB1C2B1C2740C652 /* [CP] Check Pods Manifest.lock */,
				56D833572694C6FB00AB9149 /* Sources */,
				56D833582694C6FB00AB9149 /* Frameworks */,
				56D833592694C6FB00AB9149 /* Resources */,
			);
			buildRules = (
			);
			dependencies = (
				56D8335D2694C6FB00AB9149 /* PBXTargetDependency */,
			);
			name = instagramTests;
			productName = instagramTests;
			productReference = 56D8335B2694C6FB00AB9149 /* instagramTests.xctest */;
			productType = "com.apple.product-type.bundle.unit-test";
		};
		56D833652694C6FB00AB9149 /* instagramUITests */ = {
			isa = PBXNativeTarget;
			buildConfigurationList = 56D833752694C6FB00AB9149 /* Build configuration list for PBXNativeTarget "instagramUITests" */;
			buildPhases = (
				F87640BC1A7BBFAA26D7B99A /* [CP] Check Pods Manifest.lock */,
				56D833622694C6FB00AB9149 /* Sources */,
				56D833632694C6FB00AB9149 /* Frameworks */,
				56D833642694C6FB00AB9149 /* Resources */,
				C168B5212B7CF90CACF8A544 /* [CP] Embed Pods Frameworks */,
			);
			buildRules = (
			);
			dependencies = (
				56D833682694C6FB00AB9149 /* PBXTargetDependency */,
			);
			name = instagramUITests;
			productName = instagramUITests;
			productReference = 56D833662694C6FB00AB9149 /* instagramUITests.xctest */;
			productType = "com.apple.product-type.bundle.ui-testing";
		};
/* End PBXNativeTarget section */

/* Begin PBXProject section */
		56D833382694C6FA00AB9149 /* Project object */ = {
			isa = PBXProject;
			attributes = {
				LastUpgradeCheck = 1250;
				TargetAttributes = {
					56D8333F2694C6FA00AB9149 = {
						CreatedOnToolsVersion = 12.5.1;
					};
					56D8335A2694C6FB00AB9149 = {
						CreatedOnToolsVersion = 12.5.1;
						TestTargetID = 56D8333F2694C6FA00AB9149;
					};
					56D833652694C6FB00AB9149 = {
						CreatedOnToolsVersion = 12.5.1;
						TestTargetID = 56D8333F2694C6FA00AB9149;
					};
				};
			};
			buildConfigurationList = 56D8333B2694C6FA00AB9149 /* Build configuration list for PBXProject "instagram" */;
			compatibilityVersion = "Xcode 9.3";
			developmentRegion = en;
			hasScannedForEncodings = 0;
			knownRegions = (
				en,
				Base,
			);
			mainGroup = 56D833372694C6FA00AB9149;
			productRefGroup = 56D833412694C6FA00AB9149 /* Products */;
			projectDirPath = "";
			projectRoot = "";
			targets = (
				56D8333F2694C6FA00AB9149 /* instagram */,
				56D8335A2694C6FB00AB9149 /* instagramTests */,
				56D833652694C6FB00AB9149 /* instagramUITests */,
			);
		};
/* End PBXProject section */

/* Begin PBXResourcesBuildPhase section */
		56D8333E2694C6FA00AB9149 /* Resources */ = {
			isa = PBXResourcesBuildPhase;
			buildActionMask = 2147483647;
			files = (
				56D833532694C6FB00AB9149 /* LaunchScreen.storyboard in Resources */,
				56D833502694C6FB00AB9149 /* Assets.xcassets in Resources */,
				56D8334E2694C6FA00AB9149 /* Main.storyboard in Resources */,
			);
			runOnlyForDeploymentPostprocessing = 0;
		};
		56D833592694C6FB00AB9149 /* Resources */ = {
			isa = PBXResourcesBuildPhase;
			buildActionMask = 2147483647;
			files = (
			);
			runOnlyForDeploymentPostprocessing = 0;
		};
		56D833642694C6FB00AB9149 /* Resources */ = {
			isa = PBXResourcesBuildPhase;
			buildActionMask = 2147483647;
			files = (
			);
			runOnlyForDeploymentPostprocessing = 0;
		};
/* End PBXResourcesBuildPhase section */

/* Begin PBXShellScriptBuildPhase section */
		AA7D28B796D958EB233DB148 /* [CP] Check Pods Manifest.lock */ = {
			isa = PBXShellScriptBuildPhase;
			buildActionMask = 2147483647;
			files = (
			);
			inputFileListPaths = (
			);
			inputPaths = (
				"${PODS_PODFILE_DIR_PATH}/Podfile.lock",
				"${PODS_ROOT}/Manifest.lock",
			);
			name = "[CP] Check Pods Manifest.lock";
			outputFileListPaths = (
			);
			outputPaths = (
				"$(DERIVED_FILE_DIR)/Pods-instagram-checkManifestLockResult.txt",
			);
			runOnlyForDeploymentPostprocessing = 0;
			shellPath = /bin/sh;
			shellScript = "diff \"${PODS_PODFILE_DIR_PATH}/Podfile.lock\" \"${PODS_ROOT}/Manifest.lock\" > /dev/null\nif [ $? != 0 ] ; then\n    # print error to STDERR\n    echo \"error: The sandbox is not in sync with the Podfile.lock. Run 'pod install' or update your CocoaPods installation.\" >&2\n    exit 1\nfi\n# This output is used by Xcode 'outputs' to avoid re-running this script phase.\necho \"SUCCESS\" > \"${SCRIPT_OUTPUT_FILE_0}\"\n";
			showEnvVarsInLog = 0;
		};
		B34F24F1FB1C2B1C2740C652 /* [CP] Check Pods Manifest.lock */ = {
			isa = PBXShellScriptBuildPhase;
			buildActionMask = 2147483647;
			files = (
			);
			inputFileListPaths = (
			);
			inputPaths = (
				"${PODS_PODFILE_DIR_PATH}/Podfile.lock",
				"${PODS_ROOT}/Manifest.lock",
			);
			name = "[CP] Check Pods Manifest.lock";
			outputFileListPaths = (
			);
			outputPaths = (
				"$(DERIVED_FILE_DIR)/Pods-instagramTests-checkManifestLockResult.txt",
			);
			runOnlyForDeploymentPostprocessing = 0;
			shellPath = /bin/sh;
			shellScript = "diff \"${PODS_PODFILE_DIR_PATH}/Podfile.lock\" \"${PODS_ROOT}/Manifest.lock\" > /dev/null\nif [ $? != 0 ] ; then\n    # print error to STDERR\n    echo \"error: The sandbox is not in sync with the Podfile.lock. Run 'pod install' or update your CocoaPods installation.\" >&2\n    exit 1\nfi\n# This output is used by Xcode 'outputs' to avoid re-running this script phase.\necho \"SUCCESS\" > \"${SCRIPT_OUTPUT_FILE_0}\"\n";
			showEnvVarsInLog = 0;
		};
		C168B5212B7CF90CACF8A544 /* [CP] Embed Pods Frameworks */ = {
			isa = PBXShellScriptBuildPhase;
			buildActionMask = 2147483647;
			files = (
			);
			inputFileListPaths = (
				"${PODS_ROOT}/Target Support Files/Pods-instagram-instagramUITests/Pods-instagram-instagramUITests-frameworks-${CONFIGURATION}-input-files.xcfilelist",
			);
			name = "[CP] Embed Pods Frameworks";
			outputFileListPaths = (
				"${PODS_ROOT}/Target Support Files/Pods-instagram-instagramUITests/Pods-instagram-instagramUITests-frameworks-${CONFIGURATION}-output-files.xcfilelist",
			);
			runOnlyForDeploymentPostprocessing = 0;
			shellPath = /bin/sh;
			shellScript = "\"${PODS_ROOT}/Target Support Files/Pods-instagram-instagramUITests/Pods-instagram-instagramUITests-frameworks.sh\"\n";
			showEnvVarsInLog = 0;
		};
		D15405B3BC7F1BE724720D5B /* [CP] Embed Pods Frameworks */ = {
			isa = PBXShellScriptBuildPhase;
			buildActionMask = 2147483647;
			files = (
			);
			inputFileListPaths = (
				"${PODS_ROOT}/Target Support Files/Pods-instagram/Pods-instagram-frameworks-${CONFIGURATION}-input-files.xcfilelist",
			);
			name = "[CP] Embed Pods Frameworks";
			outputFileListPaths = (
				"${PODS_ROOT}/Target Support Files/Pods-instagram/Pods-instagram-frameworks-${CONFIGURATION}-output-files.xcfilelist",
			);
			runOnlyForDeploymentPostprocessing = 0;
			shellPath = /bin/sh;
			shellScript = "\"${PODS_ROOT}/Target Support Files/Pods-instagram/Pods-instagram-frameworks.sh\"\n";
			showEnvVarsInLog = 0;
		};
		F87640BC1A7BBFAA26D7B99A /* [CP] Check Pods Manifest.lock */ = {
			isa = PBXShellScriptBuildPhase;
			buildActionMask = 2147483647;
			files = (
			);
			inputFileListPaths = (
			);
			inputPaths = (
				"${PODS_PODFILE_DIR_PATH}/Podfile.lock",
				"${PODS_ROOT}/Manifest.lock",
			);
			name = "[CP] Check Pods Manifest.lock";
			outputFileListPaths = (
			);
			outputPaths = (
				"$(DERIVED_FILE_DIR)/Pods-instagram-instagramUITests-checkManifestLockResult.txt",
			);
			runOnlyForDeploymentPostprocessing = 0;
			shellPath = /bin/sh;
			shellScript = "diff \"${PODS_PODFILE_DIR_PATH}/Podfile.lock\" \"${PODS_ROOT}/Manifest.lock\" > /dev/null\nif [ $? != 0 ] ; then\n    # print error to STDERR\n    echo \"error: The sandbox is not in sync with the Podfile.lock. Run 'pod install' or update your CocoaPods installation.\" >&2\n    exit 1\nfi\n# This output is used by Xcode 'outputs' to avoid re-running this script phase.\necho \"SUCCESS\" > \"${SCRIPT_OUTPUT_FILE_0}\"\n";
			showEnvVarsInLog = 0;
		};
/* End PBXShellScriptBuildPhase section */

/* Begin PBXSourcesBuildPhase section */
		56D8333C2694C6FA00AB9149 /* Sources */ = {
			isa = PBXSourcesBuildPhase;
			buildActionMask = 2147483647;
			files = (
				56D8334B2694C6FA00AB9149 /* ViewController.m in Sources */,
				56D833452694C6FA00AB9149 /* AppDelegate.m in Sources */,
				56D833562694C6FB00AB9149 /* main.m in Sources */,
				56D833482694C6FA00AB9149 /* SceneDelegate.m in Sources */,
			);
			runOnlyForDeploymentPostprocessing = 0;
		};
		56D833572694C6FB00AB9149 /* Sources */ = {
			isa = PBXSourcesBuildPhase;
			buildActionMask = 2147483647;
			files = (
				56D833602694C6FB00AB9149 /* instagramTests.m in Sources */,
			);
			runOnlyForDeploymentPostprocessing = 0;
		};
		56D833622694C6FB00AB9149 /* Sources */ = {
			isa = PBXSourcesBuildPhase;
			buildActionMask = 2147483647;
			files = (
				56D8336B2694C6FB00AB9149 /* instagramUITests.m in Sources */,
			);
			runOnlyForDeploymentPostprocessing = 0;
		};
/* End PBXSourcesBuildPhase section */

/* Begin PBXTargetDependency section */
		56D8335D2694C6FB00AB9149 /* PBXTargetDependency */ = {
			isa = PBXTargetDependency;
			target = 56D8333F2694C6FA00AB9149 /* instagram */;
			targetProxy = 56D8335C2694C6FB00AB9149 /* PBXContainerItemProxy */;
		};
		56D833682694C6FB00AB9149 /* PBXTargetDependency */ = {
			isa = PBXTargetDependency;
			target = 56D8333F2694C6FA00AB9149 /* instagram */;
			targetProxy = 56D833672694C6FB00AB9149 /* PBXContainerItemProxy */;
		};
/* End PBXTargetDependency section */

/* Begin PBXVariantGroup section */
		56D8334C2694C6FA00AB9149 /* Main.storyboard */ = {
			isa = PBXVariantGroup;
			children = (
				56D8334D2694C6FA00AB9149 /* Base */,
			);
			name = Main.storyboard;
			sourceTree = "<group>";
		};
		56D833512694C6FB00AB9149 /* LaunchScreen.storyboard */ = {
			isa = PBXVariantGroup;
			children = (
				56D833522694C6FB00AB9149 /* Base */,
			);
			name = LaunchScreen.storyboard;
			sourceTree = "<group>";
		};
/* End PBXVariantGroup section */

/* Begin XCBuildConfiguration section */
		56D8336D2694C6FB00AB9149 /* Debug */ = {
			isa = XCBuildConfiguration;
			buildSettings = {
				ALWAYS_SEARCH_USER_PATHS = NO;
				CLANG_ANALYZER_NONNULL = YES;
				CLANG_ANALYZER_NUMBER_OBJECT_CONVERSION = YES_AGGRESSIVE;
				CLANG_CXX_LANGUAGE_STANDARD = "gnu++14";
				CLANG_CXX_LIBRARY = "libc++";
				CLANG_ENABLE_MODULES = YES;
				CLANG_ENABLE_OBJC_ARC = YES;
				CLANG_ENABLE_OBJC_WEAK = YES;
				CLANG_WARN_BLOCK_CAPTURE_AUTORELEASING = YES;
				CLANG_WARN_BOOL_CONVERSION = YES;
				CLANG_WARN_COMMA = YES;
				CLANG_WARN_CONSTANT_CONVERSION = YES;
				CLANG_WARN_DEPRECATED_OBJC_IMPLEMENTATIONS = YES;
				CLANG_WARN_DIRECT_OBJC_ISA_USAGE = YES_ERROR;
				CLANG_WARN_DOCUMENTATION_COMMENTS = YES;
				CLANG_WARN_EMPTY_BODY = YES;
				CLANG_WARN_ENUM_CONVERSION = YES;
				CLANG_WARN_INFINITE_RECURSION = YES;
				CLANG_WARN_INT_CONVERSION = YES;
				CLANG_WARN_NON_LITERAL_NULL_CONVERSION = YES;
				CLANG_WARN_OBJC_IMPLICIT_RETAIN_SELF = YES;
				CLANG_WARN_OBJC_LITERAL_CONVERSION = YES;
				CLANG_WARN_OBJC_ROOT_CLASS = YES_ERROR;
				CLANG_WARN_QUOTED_INCLUDE_IN_FRAMEWORK_HEADER = YES;
				CLANG_WARN_RANGE_LOOP_ANALYSIS = YES;
				CLANG_WARN_STRICT_PROTOTYPES = YES;
				CLANG_WARN_SUSPICIOUS_MOVE = YES;
				CLANG_WARN_UNGUARDED_AVAILABILITY = YES_AGGRESSIVE;
				CLANG_WARN_UNREACHABLE_CODE = YES;
				CLANG_WARN__DUPLICATE_METHOD_MATCH = YES;
				COPY_PHASE_STRIP = NO;
				DEBUG_INFORMATION_FORMAT = dwarf;
				ENABLE_STRICT_OBJC_MSGSEND = YES;
				ENABLE_TESTABILITY = YES;
				GCC_C_LANGUAGE_STANDARD = gnu11;
				GCC_DYNAMIC_NO_PIC = NO;
				GCC_NO_COMMON_BLOCKS = YES;
				GCC_OPTIMIZATION_LEVEL = 0;
				GCC_PREPROCESSOR_DEFINITIONS = (
					"DEBUG=1",
					"$(inherited)",
				);
				GCC_WARN_64_TO_32_BIT_CONVERSION = YES;
				GCC_WARN_ABOUT_RETURN_TYPE = YES_ERROR;
				GCC_WARN_UNDECLARED_SELECTOR = YES;
				GCC_WARN_UNINITIALIZED_AUTOS = YES_AGGRESSIVE;
				GCC_WARN_UNUSED_FUNCTION = YES;
				GCC_WARN_UNUSED_VARIABLE = YES;
				IPHONEOS_DEPLOYMENT_TARGET = 14.5;
				MTL_ENABLE_DEBUG_INFO = INCLUDE_SOURCE;
				MTL_FAST_MATH = YES;
				ONLY_ACTIVE_ARCH = YES;
				SDKROOT = iphoneos;
			};
			name = Debug;
		};
		56D8336E2694C6FB00AB9149 /* Release */ = {
			isa = XCBuildConfiguration;
			buildSettings = {
				ALWAYS_SEARCH_USER_PATHS = NO;
				CLANG_ANALYZER_NONNULL = YES;
				CLANG_ANALYZER_NUMBER_OBJECT_CONVERSION = YES_AGGRESSIVE;
				CLANG_CXX_LANGUAGE_STANDARD = "gnu++14";
				CLANG_CXX_LIBRARY = "libc++";
				CLANG_ENABLE_MODULES = YES;
				CLANG_ENABLE_OBJC_ARC = YES;
				CLANG_ENABLE_OBJC_WEAK = YES;
				CLANG_WARN_BLOCK_CAPTURE_AUTORELEASING = YES;
				CLANG_WARN_BOOL_CONVERSION = YES;
				CLANG_WARN_COMMA = YES;
				CLANG_WARN_CONSTANT_CONVERSION = YES;
				CLANG_WARN_DEPRECATED_OBJC_IMPLEMENTATIONS = YES;
				CLANG_WARN_DIRECT_OBJC_ISA_USAGE = YES_ERROR;
				CLANG_WARN_DOCUMENTATION_COMMENTS = YES;
				CLANG_WARN_EMPTY_BODY = YES;
				CLANG_WARN_ENUM_CONVERSION = YES;
				CLANG_WARN_INFINITE_RECURSION = YES;
				CLANG_WARN_INT_CONVERSION = YES;
				CLANG_WARN_NON_LITERAL_NULL_CONVERSION = YES;
				CLANG_WARN_OBJC_IMPLICIT_RETAIN_SELF = YES;
				CLANG_WARN_OBJC_LITERAL_CONVERSION = YES;
				CLANG_WARN_OBJC_ROOT_CLASS = YES_ERROR;
				CLANG_WARN_QUOTED_INCLUDE_IN_FRAMEWORK_HEADER = YES;
				CLANG_WARN_RANGE_LOOP_ANALYSIS = YES;
				CLANG_WARN_STRICT_PROTOTYPES = YES;
				CLANG_WARN_SUSPICIOUS_MOVE = YES;
				CLANG_WARN_UNGUARDED_AVAILABILITY = YES_AGGRESSIVE;
				CLANG_WARN_UNREACHABLE_CODE = YES;
				CLANG_WARN__DUPLICATE_METHOD_MATCH = YES;
				COPY_PHASE_STRIP = NO;
				DEBUG_INFORMATION_FORMAT = "dwarf-with-dsym";
				ENABLE_NS_ASSERTIONS = NO;
				ENABLE_STRICT_OBJC_MSGSEND = YES;
				GCC_C_LANGUAGE_STANDARD = gnu11;
				GCC_NO_COMMON_BLOCKS = YES;
				GCC_WARN_64_TO_32_BIT_CONVERSION = YES;
				GCC_WARN_ABOUT_RETURN_TYPE = YES_ERROR;
				GCC_WARN_UNDECLARED_SELECTOR = YES;
				GCC_WARN_UNINITIALIZED_AUTOS = YES_AGGRESSIVE;
				GCC_WARN_UNUSED_FUNCTION = YES;
				GCC_WARN_UNUSED_VARIABLE = YES;
				IPHONEOS_DEPLOYMENT_TARGET = 14.5;
				MTL_ENABLE_DEBUG_INFO = NO;
				MTL_FAST_MATH = YES;
				SDKROOT = iphoneos;
				VALIDATE_PRODUCT = YES;
			};
			name = Release;
		};
		56D833702694C6FB00AB9149 /* Debug */ = {
			isa = XCBuildConfiguration;
			baseConfigurationReference = B7389357B4EF0EB11DDCE45B /* Pods-instagram.debug.xcconfig */;
			buildSettings = {
				ASSETCATALOG_COMPILER_APPICON_NAME = AppIcon;
				ASSETCATALOG_COMPILER_GLOBAL_ACCENT_COLOR_NAME = AccentColor;
				CODE_SIGN_STYLE = Automatic;
				DEVELOPMENT_TEAM = JZW6QR35T8;
				INFOPLIST_FILE = instagram/Info.plist;
				LD_RUNPATH_SEARCH_PATHS = (
					"$(inherited)",
					"@executable_path/Frameworks",
				);
				PRODUCT_BUNDLE_IDENTIFIER = com.stroudafk.instagram;
				PRODUCT_NAME = "$(TARGET_NAME)";
				TARGETED_DEVICE_FAMILY = "1,2";
			};
			name = Debug;
		};
		56D833712694C6FB00AB9149 /* Release */ = {
			isa = XCBuildConfiguration;
			baseConfigurationReference = E826FEB5AC4DF98D08E9967D /* Pods-instagram.release.xcconfig */;
			buildSettings = {
				ASSETCATALOG_COMPILER_APPICON_NAME = AppIcon;
				ASSETCATALOG_COMPILER_GLOBAL_ACCENT_COLOR_NAME = AccentColor;
				CODE_SIGN_STYLE = Automatic;
				DEVELOPMENT_TEAM = JZW6QR35T8;
				INFOPLIST_FILE = instagram/Info.plist;
				LD_RUNPATH_SEARCH_PATHS = (
					"$(inherited)",
					"@executable_path/Frameworks",
				);
				PRODUCT_BUNDLE_IDENTIFIER = com.stroudafk.instagram;
				PRODUCT_NAME = "$(TARGET_NAME)";
				TARGETED_DEVICE_FAMILY = "1,2";
			};
			name = Release;
		};
		56D833732694C6FB00AB9149 /* Debug */ = {
			isa = XCBuildConfiguration;
			baseConfigurationReference = C5FD78C1AB136C1213B2F2AC /* Pods-instagramTests.debug.xcconfig */;
			buildSettings = {
				BUNDLE_LOADER = "$(TEST_HOST)";
				CODE_SIGN_STYLE = Automatic;
				DEVELOPMENT_TEAM = JZW6QR35T8;
				INFOPLIST_FILE = instagramTests/Info.plist;
				IPHONEOS_DEPLOYMENT_TARGET = 14.5;
				LD_RUNPATH_SEARCH_PATHS = (
					"$(inherited)",
					"@executable_path/Frameworks",
					"@loader_path/Frameworks",
				);
				PRODUCT_BUNDLE_IDENTIFIER = com.stroudafk.instagramTests;
				PRODUCT_NAME = "$(TARGET_NAME)";
				TARGETED_DEVICE_FAMILY = "1,2";
				TEST_HOST = "$(BUILT_PRODUCTS_DIR)/instagram.app/instagram";
			};
			name = Debug;
		};
		56D833742694C6FB00AB9149 /* Release */ = {
			isa = XCBuildConfiguration;
			baseConfigurationReference = D794AF61E42798298054B63A /* Pods-instagramTests.release.xcconfig */;
			buildSettings = {
				BUNDLE_LOADER = "$(TEST_HOST)";
				CODE_SIGN_STYLE = Automatic;
				DEVELOPMENT_TEAM = JZW6QR35T8;
				INFOPLIST_FILE = instagramTests/Info.plist;
				IPHONEOS_DEPLOYMENT_TARGET = 14.5;
				LD_RUNPATH_SEARCH_PATHS = (
					"$(inherited)",
					"@executable_path/Frameworks",
					"@loader_path/Frameworks",
				);
				PRODUCT_BUNDLE_IDENTIFIER = com.stroudafk.instagramTests;
				PRODUCT_NAME = "$(TARGET_NAME)";
				TARGETED_DEVICE_FAMILY = "1,2";
				TEST_HOST = "$(BUILT_PRODUCTS_DIR)/instagram.app/instagram";
			};
			name = Release;
		};
		56D833762694C6FB00AB9149 /* Debug */ = {
			isa = XCBuildConfiguration;
			baseConfigurationReference = 6391C3F43F9822170EFFEA94 /* Pods-instagram-instagramUITests.debug.xcconfig */;
			buildSettings = {
				CODE_SIGN_STYLE = Automatic;
				DEVELOPMENT_TEAM = JZW6QR35T8;
				INFOPLIST_FILE = instagramUITests/Info.plist;
				LD_RUNPATH_SEARCH_PATHS = (
					"$(inherited)",
					"@executable_path/Frameworks",
					"@loader_path/Frameworks",
				);
				PRODUCT_BUNDLE_IDENTIFIER = com.stroudafk.instagramUITests;
				PRODUCT_NAME = "$(TARGET_NAME)";
				TARGETED_DEVICE_FAMILY = "1,2";
				TEST_TARGET_NAME = instagram;
			};
			name = Debug;
		};
		56D833772694C6FB00AB9149 /* Release */ = {
			isa = XCBuildConfiguration;
			baseConfigurationReference = 564965263EFA5338C0089156 /* Pods-instagram-instagramUITests.release.xcconfig */;
			buildSettings = {
				CODE_SIGN_STYLE = Automatic;
				DEVELOPMENT_TEAM = JZW6QR35T8;
				INFOPLIST_FILE = instagramUITests/Info.plist;
				LD_RUNPATH_SEARCH_PATHS = (
					"$(inherited)",
					"@executable_path/Frameworks",
					"@loader_path/Frameworks",
				);
				PRODUCT_BUNDLE_IDENTIFIER = com.stroudafk.instagramUITests;
				PRODUCT_NAME = "$(TARGET_NAME)";
				TARGETED_DEVICE_FAMILY = "1,2";
				TEST_TARGET_NAME = instagram;
			};
			name = Release;
		};
/* End XCBuildConfiguration section */

/* Begin XCConfigurationList section */
		56D8333B2694C6FA00AB9149 /* Build configuration list for PBXProject "instagram" */ = {
			isa = XCConfigurationList;
			buildConfigurations = (
				56D8336D2694C6FB00AB9149 /* Debug */,
				56D8336E2694C6FB00AB9149 /* Release */,
			);
			defaultConfigurationIsVisible = 0;
			defaultConfigurationName = Release;
		};
		56D8336F2694C6FB00AB9149 /* Build configuration list for PBXNativeTarget "instagram" */ = {
			isa = XCConfigurationList;
			buildConfigurations = (
				56D833702694C6FB00AB9149 /* Debug */,
				56D833712694C6FB00AB9149 /* Release */,
			);
			defaultConfigurationIsVisible = 0;
			defaultConfigurationName = Release;
		};
		56D833722694C6FB00AB9149 /* Build configuration list for PBXNativeTarget "instagramTests" */ = {
			isa = XCConfigurationList;
			buildConfigurations = (
				56D833732694C6FB00AB9149 /* Debug */,
				56D833742694C6FB00AB9149 /* Release */,
			);
			defaultConfigurationIsVisible = 0;
			defaultConfigurationName = Release;
		};
		56D833752694C6FB00AB9149 /* Build configuration list for PBXNativeTarget "instagramUITests" */ = {
			isa = XCConfigurationList;
			buildConfigurations = (
				56D833762694C6FB00AB9149 /* Debug */,
				56D833772694C6FB00AB9149 /* Release */,
			);
			defaultConfigurationIsVisible = 0;
			defaultConfigurationName = Release;
		};
/* End XCConfigurationList section */
	};
	rootObject = 56D833382694C6FA00AB9149 /* Project object */;
}
